
Microsoft Visual Studio Solution File, Format Version 12.00
# Visual Studio Version 16
VisualStudioVersion = 16.0.30517.126
MinimumVisualStudioVersion = 10.0.40219.1
Project("{FAE04EC0-301F-11D3-BF4B-00C04F79EFBC}") = "Functions", "Functions\Functions.csproj", "{0D27DAAF-3E7D-4EE8-8EE7-CD1A7320E56F}"
EndProject
Project("{FAE04EC0-301F-11D3-BF4B-00C04F79EFBC}") = "Calculator", "Calculator\Calculator.csproj", "{4E147805-C54D-42C5-8C7F-D1289070278D}"
EndProject
Project("{FAE04EC0-301F-11D3-BF4B-00C04F79EFBC}") = "FunctionsWithArray", "FunctionsWithArray\FunctionsWithArray.csproj", "{12FBC1A6-D908-4E7F-ACCF-3122866DDCE8}"
EndProject
Global
	GlobalSection(SolutionConfigurationPlatforms) = preSolution
		Debug|Any CPU = Debug|Any CPU
		Release|Any CPU = Release|Any CPU
	EndGlobalSection
	GlobalSection(ProjectConfigurationPlatforms) = postSolution
		{0D27DAAF-3E7D-4EE8-8EE7-CD1A7320E56F}.Debug|Any CPU.ActiveCfg = Debug|Any CPU
		{0D27DAAF-3E7D-4EE8-8EE7-CD1A7320E56F}.Debug|Any CPU.Build.0 = Debug|Any CPU
		{0D27DAAF-3E7D-4EE8-8EE7-CD1A7320E56F}.Release|Any CPU.ActiveCfg = Release|Any CPU
		{0D27DAAF-3E7D-4EE8-8EE7-CD1A7320E56F}.Release|Any CPU.Build.0 = Release|Any CPU
		{4E147805-C54D-42C5-8C7F-D1289070278D}.Debug|Any CPU.ActiveCfg = Debug|Any CPU
		{4E147805-C54D-42C5-8C7F-D1289070278D}.Debug|Any CPU.Build.0 = Debug|Any CPU
		{4E147805-C54D-42C5-8C7F-D1289070278D}.Release|Any CPU.ActiveCfg = Release|Any CPU
		{4E147805-C54D-42C5-8C7F-D1289070278D}.Release|Any CPU.Build.0 = Release|Any CPU
		{12FBC1A6-D908-4E7F-ACCF-3122866DDCE8}.Debug|Any CPU.ActiveCfg = Debug|Any CPU
		{12FBC1A6-D908-4E7F-ACCF-3122866DDCE8}.Debug|Any CPU.Build.0 = Debug|Any CPU
		{12FBC1A6-D908-4E7F-ACCF-3122866DDCE8}.Release|Any CPU.ActiveCfg = Release|Any CPU
		{12FBC1A6-D908-4E7F-ACCF-3122866DDCE8}.Release|Any CPU.Build.0 = Release|Any CPU
	EndGlobalSection
	GlobalSection(SolutionProperties) = preSolution
		HideSolutionNode = FALSE
	EndGlobalSection
	GlobalSection(ExtensibilityGlobals) = postSolution
		SolutionGuid = {CD35C2E2-2BFF-409D-AB74-667E9B7598F0}
	EndGlobalSection
EndGlobal
